
Microsoft Visual Studio Solution File, Format Version 12.00
# Visual Studio Version 17
VisualStudioVersion = 17.8.34330.188
MinimumVisualStudioVersion = 10.0.40219.1
Project("{FAE04EC0-301F-11D3-BF4B-00C04F79EFBC}") = "FrameworksPerformance", "FrameworksPerformance\FrameworksPerformance.csproj", "{44961C03-49E5-44DA-B9FB-4A78C10476D3}"
EndProject
Project("{FAE04EC0-301F-11D3-BF4B-00C04F79EFBC}") = "EntityFramework", "EntityFramework\EntityFramework.csproj", "{4B0EE065-85A3-457E-B183-E0FC8CE5CAC9}"
EndProject
Project("{FAE04EC0-301F-11D3-BF4B-00C04F79EFBC}") = "NHibernate", "NHibernate\NHibernate.csproj", "{11D79832-C289-4C1A-9C7E-84562D23624A}"
EndProject
Project("{FAE04EC0-301F-11D3-BF4B-00C04F79EFBC}") = "SolrNet", "SolrNet\SolrNet.csproj", "{FA103397-B81D-43C1-A9EB-081C4139E823}"
EndProject
Global
	GlobalSection(SolutionConfigurationPlatforms) = preSolution
		Debug|Any CPU = Debug|Any CPU
		Release|Any CPU = Release|Any CPU
	EndGlobalSection
	GlobalSection(ProjectConfigurationPlatforms) = postSolution
		{44961C03-49E5-44DA-B9FB-4A78C10476D3}.Debug|Any CPU.ActiveCfg = Debug|Any CPU
		{44961C03-49E5-44DA-B9FB-4A78C10476D3}.Debug|Any CPU.Build.0 = Debug|Any CPU
		{44961C03-49E5-44DA-B9FB-4A78C10476D3}.Release|Any CPU.ActiveCfg = Release|Any CPU
		{44961C03-49E5-44DA-B9FB-4A78C10476D3}.Release|Any CPU.Build.0 = Release|Any CPU
		{4B0EE065-85A3-457E-B183-E0FC8CE5CAC9}.Debug|Any CPU.ActiveCfg = Debug|Any CPU
		{4B0EE065-85A3-457E-B183-E0FC8CE5CAC9}.Debug|Any CPU.Build.0 = Debug|Any CPU
		{4B0EE065-85A3-457E-B183-E0FC8CE5CAC9}.Release|Any CPU.ActiveCfg = Release|Any CPU
		{4B0EE065-85A3-457E-B183-E0FC8CE5CAC9}.Release|Any CPU.Build.0 = Release|Any CPU
		{11D79832-C289-4C1A-9C7E-84562D23624A}.Debug|Any CPU.ActiveCfg = Debug|Any CPU
		{11D79832-C289-4C1A-9C7E-84562D23624A}.Debug|Any CPU.Build.0 = Debug|Any CPU
		{11D79832-C289-4C1A-9C7E-84562D23624A}.Release|Any CPU.ActiveCfg = Release|Any CPU
		{11D79832-C289-4C1A-9C7E-84562D23624A}.Release|Any CPU.Build.0 = Release|Any CPU
		{FA103397-B81D-43C1-A9EB-081C4139E823}.Debug|Any CPU.ActiveCfg = Debug|Any CPU
		{FA103397-B81D-43C1-A9EB-081C4139E823}.Debug|Any CPU.Build.0 = Debug|Any CPU
		{FA103397-B81D-43C1-A9EB-081C4139E823}.Release|Any CPU.ActiveCfg = Release|Any CPU
		{FA103397-B81D-43C1-A9EB-081C4139E823}.Release|Any CPU.Build.0 = Release|Any CPU
	EndGlobalSection
	GlobalSection(SolutionProperties) = preSolution
		HideSolutionNode = FALSE
	EndGlobalSection
	GlobalSection(ExtensibilityGlobals) = postSolution
		SolutionGuid = {516C81D4-D109-4543-914D-F83E163D9C2A}
	EndGlobalSection
EndGlobal
